
Microsoft Visual Studio Solution File, Format Version 12.00
# Visual Studio 14
VisualStudioVersion = 14.0.25123.0
MinimumVisualStudioVersion = 10.0.40219.1
Project("{2150E333-8FDC-42A3-9474-1A3956D46DE8}") = "Solution Items", "Solution Items", "{5DE14C4D-407F-4FDD-9CE9-CFE1E962CA85}"
EndProject
Project("{8BB2217D-0F2D-49D1-97BC-3654ED321F3B}") = "RssSyndication", "WilderMinds.RssSyndication\RssSyndication.xproj", "{97437B6B-DFA7-4280-9B37-220ADC0C6116}"
EndProject
Project("{8BB2217D-0F2D-49D1-97BC-3654ED321F3B}") = "RssSyndication.Tests", "WilderMinds.RssSyndication.Tests\RssSyndication.Tests.xproj", "{C95B969D-634B-477B-9190-CB4778F4F159}"
EndProject
Global
	GlobalSection(SolutionConfigurationPlatforms) = preSolution
		Debug|Any CPU = Debug|Any CPU
		Release|Any CPU = Release|Any CPU
	EndGlobalSection
	GlobalSection(ProjectConfigurationPlatforms) = postSolution
		{97437B6B-DFA7-4280-9B37-220ADC0C6116}.Debug|Any CPU.ActiveCfg = Debug|Any CPU
		{97437B6B-DFA7-4280-9B37-220ADC0C6116}.Debug|Any CPU.Build.0 = Debug|Any CPU
		{97437B6B-DFA7-4280-9B37-220ADC0C6116}.Release|Any CPU.ActiveCfg = Release|Any CPU
		{97437B6B-DFA7-4280-9B37-220ADC0C6116}.Release|Any CPU.Build.0 = Release|Any CPU
		{C95B969D-634B-477B-9190-CB4778F4F159}.Debug|Any CPU.ActiveCfg = Debug|Any CPU
		{C95B969D-634B-477B-9190-CB4778F4F159}.Debug|Any CPU.Build.0 = Debug|Any CPU
		{C95B969D-634B-477B-9190-CB4778F4F159}.Release|Any CPU.ActiveCfg = Release|Any CPU
		{C95B969D-634B-477B-9190-CB4778F4F159}.Release|Any CPU.Build.0 = Release|Any CPU
	EndGlobalSection
	GlobalSection(SolutionProperties) = preSolution
		HideSolutionNode = FALSE
	EndGlobalSection
EndGlobal
