
Microsoft Visual Studio Solution File, Format Version 12.00
# Visual Studio Version 16
VisualStudioVersion = 16.0.29609.76
MinimumVisualStudioVersion = 10.0.40219.1
Project("{2150E333-8FDC-42A3-9474-1A3956D46DE8}") = "Solution Items", "Solution Items", "{5DE14C4D-407F-4FDD-9CE9-CFE1E962CA85}"
	ProjectSection(SolutionItems) = preProject
		..\.gitattributes = ..\.gitattributes
		..\.gitignore = ..\.gitignore
		..\.github\workflows\build.yml = ..\.github\workflows\build.yml
		..\License.md = ..\License.md
		..\README.md = ..\README.md
	EndProjectSection
EndProject
Project("{9A19103F-16F7-4668-BE54-9A1E7A4F7556}") = "WilderMinds.RssSyndication", "WilderMinds.RssSyndication\WilderMinds.RssSyndication.csproj", "{97437B6B-DFA7-4280-9B37-220ADC0C6116}"
EndProject
Project("{9A19103F-16F7-4668-BE54-9A1E7A4F7556}") = "WilderMinds.RssSyndication.Tests", "WilderMinds.RssSyndication.Tests\WilderMinds.RssSyndication.Tests.csproj", "{C95B969D-634B-477B-9190-CB4778F4F159}"
EndProject
Global
	GlobalSection(SolutionConfigurationPlatforms) = preSolution
		Debug|Any CPU = Debug|Any CPU
		Release|Any CPU = Release|Any CPU
	EndGlobalSection
	GlobalSection(ProjectConfigurationPlatforms) = postSolution
		{97437B6B-DFA7-4280-9B37-220ADC0C6116}.Debug|Any CPU.ActiveCfg = Debug|Any CPU
		{97437B6B-DFA7-4280-9B37-220ADC0C6116}.Debug|Any CPU.Build.0 = Debug|Any CPU
		{97437B6B-DFA7-4280-9B37-220ADC0C6116}.Release|Any CPU.ActiveCfg = Release|Any CPU
		{97437B6B-DFA7-4280-9B37-220ADC0C6116}.Release|Any CPU.Build.0 = Release|Any CPU
		{C95B969D-634B-477B-9190-CB4778F4F159}.Debug|Any CPU.ActiveCfg = Debug|Any CPU
		{C95B969D-634B-477B-9190-CB4778F4F159}.Debug|Any CPU.Build.0 = Debug|Any CPU
		{C95B969D-634B-477B-9190-CB4778F4F159}.Release|Any CPU.ActiveCfg = Release|Any CPU
		{C95B969D-634B-477B-9190-CB4778F4F159}.Release|Any CPU.Build.0 = Release|Any CPU
	EndGlobalSection
	GlobalSection(SolutionProperties) = preSolution
		HideSolutionNode = FALSE
	EndGlobalSection
	GlobalSection(ExtensibilityGlobals) = postSolution
		SolutionGuid = {0C1F9CED-9364-4AF2-84CC-A19416383919}
	EndGlobalSection
EndGlobal
